// !$*UTF8*$!
{
	archiveVersion = 1;
	classes = {
	};
	objectVersion = 56;
	objects = {

/* Begin PBXBuildFile section */
		A009C9612B0D36660053D5F0 /* AudioListViewModel.swift in Sources */ = {isa = PBXBuildFile; fileRef = A009C9602B0D36660053D5F0 /* AudioListViewModel.swift */; };
		A01B2F2A2B0C63C9007CCD33 /* FirebaseHandler.swift in Sources */ = {isa = PBXBuildFile; fileRef = A01B2F292B0C63C9007CCD33 /* FirebaseHandler.swift */; };
		A0328F172B0BB14A00A491A2 /* FirebaseAnalytics in Frameworks */ = {isa = PBXBuildFile; productRef = A0328F162B0BB14A00A491A2 /* FirebaseAnalytics */; };
		A0328F192B0BB14A00A491A2 /* FirebaseAnalyticsOnDeviceConversion in Frameworks */ = {isa = PBXBuildFile; productRef = A0328F182B0BB14A00A491A2 /* FirebaseAnalyticsOnDeviceConversion */; };
		A0328F1B2B0BB14A00A491A2 /* FirebaseAnalyticsSwift in Frameworks */ = {isa = PBXBuildFile; productRef = A0328F1A2B0BB14A00A491A2 /* FirebaseAnalyticsSwift */; };
		A0328F1D2B0BB14A00A491A2 /* FirebaseAnalyticsWithoutAdIdSupport in Frameworks */ = {isa = PBXBuildFile; productRef = A0328F1C2B0BB14A00A491A2 /* FirebaseAnalyticsWithoutAdIdSupport */; };
		A0328F1F2B0BB14A00A491A2 /* FirebaseAppCheck in Frameworks */ = {isa = PBXBuildFile; productRef = A0328F1E2B0BB14A00A491A2 /* FirebaseAppCheck */; };
		A0328F212B0BB14A00A491A2 /* FirebaseAppDistribution-Beta in Frameworks */ = {isa = PBXBuildFile; productRef = A0328F202B0BB14A00A491A2 /* FirebaseAppDistribution-Beta */; };
		A0328F232B0BB14A00A491A2 /* FirebaseAuth in Frameworks */ = {isa = PBXBuildFile; productRef = A0328F222B0BB14A00A491A2 /* FirebaseAuth */; };
		A0328F252B0BB14A00A491A2 /* FirebaseAuthCombine-Community in Frameworks */ = {isa = PBXBuildFile; productRef = A0328F242B0BB14A00A491A2 /* FirebaseAuthCombine-Community */; };
		A0328F272B0BB14A00A491A2 /* FirebaseCrashlytics in Frameworks */ = {isa = PBXBuildFile; productRef = A0328F262B0BB14A00A491A2 /* FirebaseCrashlytics */; };
		A0328F292B0BB14A00A491A2 /* FirebaseDatabase in Frameworks */ = {isa = PBXBuildFile; productRef = A0328F282B0BB14A00A491A2 /* FirebaseDatabase */; };
		A0328F2B2B0BB14A00A491A2 /* FirebaseDatabaseSwift in Frameworks */ = {isa = PBXBuildFile; productRef = A0328F2A2B0BB14A00A491A2 /* FirebaseDatabaseSwift */; };
		A0328F2D2B0BB14A00A491A2 /* FirebaseDynamicLinks in Frameworks */ = {isa = PBXBuildFile; productRef = A0328F2C2B0BB14A00A491A2 /* FirebaseDynamicLinks */; };
		A0328F2F2B0BB14A00A491A2 /* FirebaseFirestore in Frameworks */ = {isa = PBXBuildFile; productRef = A0328F2E2B0BB14A00A491A2 /* FirebaseFirestore */; };
		A0328F312B0BB14A00A491A2 /* FirebaseFirestoreCombine-Community in Frameworks */ = {isa = PBXBuildFile; productRef = A0328F302B0BB14A00A491A2 /* FirebaseFirestoreCombine-Community */; };
		A0328F332B0BB14A00A491A2 /* FirebaseFirestoreSwift in Frameworks */ = {isa = PBXBuildFile; productRef = A0328F322B0BB14A00A491A2 /* FirebaseFirestoreSwift */; };
		A0328F352B0BB14A00A491A2 /* FirebaseFunctions in Frameworks */ = {isa = PBXBuildFile; productRef = A0328F342B0BB14A00A491A2 /* FirebaseFunctions */; };
		A0328F372B0BB14A00A491A2 /* FirebaseFunctionsCombine-Community in Frameworks */ = {isa = PBXBuildFile; productRef = A0328F362B0BB14A00A491A2 /* FirebaseFunctionsCombine-Community */; };
		A0328F392B0BB14A00A491A2 /* FirebaseInAppMessaging-Beta in Frameworks */ = {isa = PBXBuildFile; productRef = A0328F382B0BB14A00A491A2 /* FirebaseInAppMessaging-Beta */; };
		A0328F3B2B0BB14A00A491A2 /* FirebaseInAppMessagingSwift-Beta in Frameworks */ = {isa = PBXBuildFile; productRef = A0328F3A2B0BB14A00A491A2 /* FirebaseInAppMessagingSwift-Beta */; };
		A0328F3D2B0BB14A00A491A2 /* FirebaseInstallations in Frameworks */ = {isa = PBXBuildFile; productRef = A0328F3C2B0BB14A00A491A2 /* FirebaseInstallations */; };
		A0328F3F2B0BB14A00A491A2 /* FirebaseMLModelDownloader in Frameworks */ = {isa = PBXBuildFile; productRef = A0328F3E2B0BB14A00A491A2 /* FirebaseMLModelDownloader */; };
		A0328F412B0BB14A00A491A2 /* FirebaseMessaging in Frameworks */ = {isa = PBXBuildFile; productRef = A0328F402B0BB14A00A491A2 /* FirebaseMessaging */; };
		A0328F432B0BB14A00A491A2 /* FirebasePerformance in Frameworks */ = {isa = PBXBuildFile; productRef = A0328F422B0BB14A00A491A2 /* FirebasePerformance */; };
		A0328F452B0BB14A00A491A2 /* FirebaseRemoteConfig in Frameworks */ = {isa = PBXBuildFile; productRef = A0328F442B0BB14A00A491A2 /* FirebaseRemoteConfig */; };
		A0328F472B0BB14A00A491A2 /* FirebaseRemoteConfigSwift in Frameworks */ = {isa = PBXBuildFile; productRef = A0328F462B0BB14A00A491A2 /* FirebaseRemoteConfigSwift */; };
		A0328F492B0BB14A00A491A2 /* FirebaseStorage in Frameworks */ = {isa = PBXBuildFile; productRef = A0328F482B0BB14A00A491A2 /* FirebaseStorage */; };
		A0328F4B2B0BB14A00A491A2 /* FirebaseStorageCombine-Community in Frameworks */ = {isa = PBXBuildFile; productRef = A0328F4A2B0BB14A00A491A2 /* FirebaseStorageCombine-Community */; };
		A05D5EDA2B11223E0035CD7C /* Constants.swift in Sources */ = {isa = PBXBuildFile; fileRef = A05D5ED92B11223E0035CD7C /* Constants.swift */; };
		A09595B82B0A7C5500FAE419 /* AppDelegate.swift in Sources */ = {isa = PBXBuildFile; fileRef = A09595B72B0A7C5500FAE419 /* AppDelegate.swift */; };
		A09595BA2B0A7C5500FAE419 /* SceneDelegate.swift in Sources */ = {isa = PBXBuildFile; fileRef = A09595B92B0A7C5500FAE419 /* SceneDelegate.swift */; };
		A09595BC2B0A7C5500FAE419 /* ViewController.swift in Sources */ = {isa = PBXBuildFile; fileRef = A09595BB2B0A7C5500FAE419 /* ViewController.swift */; };
		A09595BF2B0A7C5500FAE419 /* Main.storyboard in Resources */ = {isa = PBXBuildFile; fileRef = A09595BD2B0A7C5500FAE419 /* Main.storyboard */; };
		A09595C12B0A7C5600FAE419 /* Assets.xcassets in Resources */ = {isa = PBXBuildFile; fileRef = A09595C02B0A7C5600FAE419 /* Assets.xcassets */; };
		A09595C42B0A7C5600FAE419 /* LaunchScreen.storyboard in Resources */ = {isa = PBXBuildFile; fileRef = A09595C22B0A7C5600FAE419 /* LaunchScreen.storyboard */; };
		A09595D12B0A7D2E00FAE419 /* ExtensionsOfAudioListVC.swift in Sources */ = {isa = PBXBuildFile; fileRef = A09595D02B0A7D2E00FAE419 /* ExtensionsOfAudioListVC.swift */; };
		A09595D42B0A7DBA00FAE419 /* GoogleService-Info.plist in Resources */ = {isa = PBXBuildFile; fileRef = A09595D32B0A7DBA00FAE419 /* GoogleService-Info.plist */; };
		A0AA2FCF2B30A5FA007CF1C9 /* AudioScreenExtensions.swift in Sources */ = {isa = PBXBuildFile; fileRef = A0AA2FCE2B30A5FA007CF1C9 /* AudioScreenExtensions.swift */; };
		A0AA2FD92B30AE26007CF1C9 /* AudioCell.swift in Sources */ = {isa = PBXBuildFile; fileRef = A0AA2FD72B30AE26007CF1C9 /* AudioCell.swift */; };
		A0AA2FDA2B30AE26007CF1C9 /* AudioCell.xib in Resources */ = {isa = PBXBuildFile; fileRef = A0AA2FD82B30AE26007CF1C9 /* AudioCell.xib */; };
		A0BA138A2B2F2D2C0008ACE4 /* AudioScreen.swift in Sources */ = {isa = PBXBuildFile; fileRef = A0BA13892B2F2D2C0008ACE4 /* AudioScreen.swift */; };
		A0DFD29B2B3476910071F044 /* UIViewExtensions.swift in Sources */ = {isa = PBXBuildFile; fileRef = A0DFD29A2B3476910071F044 /* UIViewExtensions.swift */; };
		A0EE12A22B0E5E6D0002CF2E /* TableViewCellExtensions.swift in Sources */ = {isa = PBXBuildFile; fileRef = A0EE12A12B0E5E6D0002CF2E /* TableViewCellExtensions.swift */; };
		A0EE12A42B0E7F970002CF2E /* AudioPlayer.swift in Sources */ = {isa = PBXBuildFile; fileRef = A0EE12A32B0E7F970002CF2E /* AudioPlayer.swift */; };
/* End PBXBuildFile section */

/* Begin PBXFileReference section */
		A009C9602B0D36660053D5F0 /* AudioListViewModel.swift */ = {isa = PBXFileReference; lastKnownFileType = sourcecode.swift; path = AudioListViewModel.swift; sourceTree = "<group>"; };
		A01B2F292B0C63C9007CCD33 /* FirebaseHandler.swift */ = {isa = PBXFileReference; lastKnownFileType = sourcecode.swift; path = FirebaseHandler.swift; sourceTree = "<group>"; };
		A05D5ED92B11223E0035CD7C /* Constants.swift */ = {isa = PBXFileReference; lastKnownFileType = sourcecode.swift; path = Constants.swift; sourceTree = "<group>"; };
		A09595B42B0A7C5500FAE419 /* AudioProject.app */ = {isa = PBXFileReference; explicitFileType = wrapper.application; includeInIndex = 0; path = AudioProject.app; sourceTree = BUILT_PRODUCTS_DIR; };
		A09595B72B0A7C5500FAE419 /* AppDelegate.swift */ = {isa = PBXFileReference; lastKnownFileType = sourcecode.swift; path = AppDelegate.swift; sourceTree = "<group>"; };
		A09595B92B0A7C5500FAE419 /* SceneDelegate.swift */ = {isa = PBXFileReference; lastKnownFileType = sourcecode.swift; path = SceneDelegate.swift; sourceTree = "<group>"; };
		A09595BB2B0A7C5500FAE419 /* ViewController.swift */ = {isa = PBXFileReference; lastKnownFileType = sourcecode.swift; path = ViewController.swift; sourceTree = "<group>"; };
		A09595BE2B0A7C5500FAE419 /* Base */ = {isa = PBXFileReference; lastKnownFileType = file.storyboard; name = Base; path = Base.lproj/Main.storyboard; sourceTree = "<group>"; };
		A09595C02B0A7C5600FAE419 /* Assets.xcassets */ = {isa = PBXFileReference; lastKnownFileType = folder.assetcatalog; path = Assets.xcassets; sourceTree = "<group>"; };
		A09595C32B0A7C5600FAE419 /* Base */ = {isa = PBXFileReference; lastKnownFileType = file.storyboard; name = Base; path = Base.lproj/LaunchScreen.storyboard; sourceTree = "<group>"; };
		A09595C52B0A7C5600FAE419 /* Info.plist */ = {isa = PBXFileReference; lastKnownFileType = text.plist.xml; path = Info.plist; sourceTree = "<group>"; };
		A09595D02B0A7D2E00FAE419 /* ExtensionsOfAudioListVC.swift */ = {isa = PBXFileReference; lastKnownFileType = sourcecode.swift; path = ExtensionsOfAudioListVC.swift; sourceTree = "<group>"; };
		A09595D32B0A7DBA00FAE419 /* GoogleService-Info.plist */ = {isa = PBXFileReference; fileEncoding = 4; lastKnownFileType = text.plist.xml; path = "GoogleService-Info.plist"; sourceTree = "<group>"; };
		A0AA2FCE2B30A5FA007CF1C9 /* AudioScreenExtensions.swift */ = {isa = PBXFileReference; lastKnownFileType = sourcecode.swift; path = AudioScreenExtensions.swift; sourceTree = "<group>"; };
		A0AA2FD72B30AE26007CF1C9 /* AudioCell.swift */ = {isa = PBXFileReference; lastKnownFileType = sourcecode.swift; path = AudioCell.swift; sourceTree = "<group>"; };
		A0AA2FD82B30AE26007CF1C9 /* AudioCell.xib */ = {isa = PBXFileReference; lastKnownFileType = file.xib; path = AudioCell.xib; sourceTree = "<group>"; };
		A0BA13892B2F2D2C0008ACE4 /* AudioScreen.swift */ = {isa = PBXFileReference; lastKnownFileType = sourcecode.swift; path = AudioScreen.swift; sourceTree = "<group>"; };
		A0DFD29A2B3476910071F044 /* UIViewExtensions.swift */ = {isa = PBXFileReference; lastKnownFileType = sourcecode.swift; path = UIViewExtensions.swift; sourceTree = "<group>"; };
		A0EE12A12B0E5E6D0002CF2E /* TableViewCellExtensions.swift */ = {isa = PBXFileReference; lastKnownFileType = sourcecode.swift; path = TableViewCellExtensions.swift; sourceTree = "<group>"; };
		A0EE12A32B0E7F970002CF2E /* AudioPlayer.swift */ = {isa = PBXFileReference; lastKnownFileType = sourcecode.swift; path = AudioPlayer.swift; sourceTree = "<group>"; };
/* End PBXFileReference section */

/* Begin PBXFrameworksBuildPhase section */
		A09595B12B0A7C5500FAE419 /* Frameworks */ = {
			isa = PBXFrameworksBuildPhase;
			buildActionMask = 2147483647;
			files = (
				A0328F292B0BB14A00A491A2 /* FirebaseDatabase in Frameworks */,
				A0328F372B0BB14A00A491A2 /* FirebaseFunctionsCombine-Community in Frameworks */,
				A0328F2F2B0BB14A00A491A2 /* FirebaseFirestore in Frameworks */,
				A0328F1B2B0BB14A00A491A2 /* FirebaseAnalyticsSwift in Frameworks */,
				A0328F172B0BB14A00A491A2 /* FirebaseAnalytics in Frameworks */,
				A0328F192B0BB14A00A491A2 /* FirebaseAnalyticsOnDeviceConversion in Frameworks */,
				A0328F3F2B0BB14A00A491A2 /* FirebaseMLModelDownloader in Frameworks */,
				A0328F332B0BB14A00A491A2 /* FirebaseFirestoreSwift in Frameworks */,
				A0328F1F2B0BB14A00A491A2 /* FirebaseAppCheck in Frameworks */,
				A0328F1D2B0BB14A00A491A2 /* FirebaseAnalyticsWithoutAdIdSupport in Frameworks */,
				A0328F232B0BB14A00A491A2 /* FirebaseAuth in Frameworks */,
				A0328F272B0BB14A00A491A2 /* FirebaseCrashlytics in Frameworks */,
				A0328F472B0BB14A00A491A2 /* FirebaseRemoteConfigSwift in Frameworks */,
				A0328F392B0BB14A00A491A2 /* FirebaseInAppMessaging-Beta in Frameworks */,
				A0328F2B2B0BB14A00A491A2 /* FirebaseDatabaseSwift in Frameworks */,
				A0328F352B0BB14A00A491A2 /* FirebaseFunctions in Frameworks */,
				A0328F4B2B0BB14A00A491A2 /* FirebaseStorageCombine-Community in Frameworks */,
				A0328F452B0BB14A00A491A2 /* FirebaseRemoteConfig in Frameworks */,
				A0328F212B0BB14A00A491A2 /* FirebaseAppDistribution-Beta in Frameworks */,
				A0328F252B0BB14A00A491A2 /* FirebaseAuthCombine-Community in Frameworks */,
				A0328F432B0BB14A00A491A2 /* FirebasePerformance in Frameworks */,
				A0328F3B2B0BB14A00A491A2 /* FirebaseInAppMessagingSwift-Beta in Frameworks */,
				A0328F492B0BB14A00A491A2 /* FirebaseStorage in Frameworks */,
				A0328F2D2B0BB14A00A491A2 /* FirebaseDynamicLinks in Frameworks */,
				A0328F312B0BB14A00A491A2 /* FirebaseFirestoreCombine-Community in Frameworks */,
				A0328F412B0BB14A00A491A2 /* FirebaseMessaging in Frameworks */,
				A0328F3D2B0BB14A00A491A2 /* FirebaseInstallations in Frameworks */,
			);
			runOnlyForDeploymentPostprocessing = 0;
		};
/* End PBXFrameworksBuildPhase section */

/* Begin PBXGroup section */
		A009C95F2B0D36540053D5F0 /* ViewModel */ = {
			isa = PBXGroup;
			children = (
				A009C9602B0D36660053D5F0 /* AudioListViewModel.swift */,
			);
			path = ViewModel;
			sourceTree = "<group>";
		};
		A05D5ED82B1121F20035CD7C /* Common */ = {
			isa = PBXGroup;
			children = (
				A05D5ED92B11223E0035CD7C /* Constants.swift */,
			);
			path = Common;
			sourceTree = "<group>";
		};
		A09595AB2B0A7C5500FAE419 = {
			isa = PBXGroup;
			children = (
				A09595B62B0A7C5500FAE419 /* AudioProject */,
				A09595B52B0A7C5500FAE419 /* Products */,
			);
			sourceTree = "<group>";
		};
		A09595B52B0A7C5500FAE419 /* Products */ = {
			isa = PBXGroup;
			children = (
				A09595B42B0A7C5500FAE419 /* AudioProject.app */,
			);
			name = Products;
			sourceTree = "<group>";
		};
		A09595B62B0A7C5500FAE419 /* AudioProject */ = {
			isa = PBXGroup;
			children = (
				A0EE12A02B0E5E5C0002CF2E /* Extensions */,
				A09595D22B0A7D4100FAE419 /* Utilities */,
				A09595CB2B0A7C5F00FAE419 /* Presentations */,
				A05D5ED82B1121F20035CD7C /* Common */,
				A09595B72B0A7C5500FAE419 /* AppDelegate.swift */,
				A09595B92B0A7C5500FAE419 /* SceneDelegate.swift */,
				A09595BD2B0A7C5500FAE419 /* Main.storyboard */,
				A09595C02B0A7C5600FAE419 /* Assets.xcassets */,
				A09595C22B0A7C5600FAE419 /* LaunchScreen.storyboard */,
				A09595D32B0A7DBA00FAE419 /* GoogleService-Info.plist */,
				A09595C52B0A7C5600FAE419 /* Info.plist */,
			);
			path = AudioProject;
			sourceTree = "<group>";
		};
		A09595CB2B0A7C5F00FAE419 /* Presentations */ = {
			isa = PBXGroup;
			children = (
				A0BA13882B2F2CE20008ACE4 /* AudioScreen */,
				A09595CC2B0A7C6700FAE419 /* AudioList */,
			);
			path = Presentations;
			sourceTree = "<group>";
		};
		A09595CC2B0A7C6700FAE419 /* AudioList */ = {
			isa = PBXGroup;
			children = (
				A0EE129A2B0E5C700002CF2E /* Cell */,
				A009C95F2B0D36540053D5F0 /* ViewModel */,
				A09595CF2B0A7CE700FAE419 /* Extensions */,
				A09595BB2B0A7C5500FAE419 /* ViewController.swift */,
			);
			path = AudioList;
			sourceTree = "<group>";
		};
		A09595CF2B0A7CE700FAE419 /* Extensions */ = {
			isa = PBXGroup;
			children = (
				A09595D02B0A7D2E00FAE419 /* ExtensionsOfAudioListVC.swift */,
			);
			path = Extensions;
			sourceTree = "<group>";
		};
		A09595D22B0A7D4100FAE419 /* Utilities */ = {
			isa = PBXGroup;
			children = (
				A01B2F292B0C63C9007CCD33 /* FirebaseHandler.swift */,
				A0EE12A32B0E7F970002CF2E /* AudioPlayer.swift */,
			);
			path = Utilities;
			sourceTree = "<group>";
		};
		A0AA2FCD2B30A5E7007CF1C9 /* Extension */ = {
			isa = PBXGroup;
			children = (
				A0AA2FCE2B30A5FA007CF1C9 /* AudioScreenExtensions.swift */,
			);
			path = Extension;
			sourceTree = "<group>";
		};
		A0AA2FD02B30A665007CF1C9 /* Cell */ = {
			isa = PBXGroup;
			children = (
				A0AA2FD62B30AE15007CF1C9 /* AudioCell */,
			);
			path = Cell;
			sourceTree = "<group>";
		};
		A0AA2FD62B30AE15007CF1C9 /* AudioCell */ = {
			isa = PBXGroup;
			children = (
				A0AA2FD72B30AE26007CF1C9 /* AudioCell.swift */,
				A0AA2FD82B30AE26007CF1C9 /* AudioCell.xib */,
			);
			path = AudioCell;
			sourceTree = "<group>";
		};
		A0BA13882B2F2CE20008ACE4 /* AudioScreen */ = {
			isa = PBXGroup;
			children = (
				A0AA2FD02B30A665007CF1C9 /* Cell */,
				A0AA2FCD2B30A5E7007CF1C9 /* Extension */,
				A0BA13892B2F2D2C0008ACE4 /* AudioScreen.swift */,
			);
			path = AudioScreen;
			sourceTree = "<group>";
		};
		A0EE129A2B0E5C700002CF2E /* Cell */ = {
			isa = PBXGroup;
			children = (
			);
			path = Cell;
			sourceTree = "<group>";
		};
		A0EE12A02B0E5E5C0002CF2E /* Extensions */ = {
			isa = PBXGroup;
			children = (
				A0EE12A12B0E5E6D0002CF2E /* TableViewCellExtensions.swift */,
				A0DFD29A2B3476910071F044 /* UIViewExtensions.swift */,
			);
			path = Extensions;
			sourceTree = "<group>";
		};
/* End PBXGroup section */

/* Begin PBXNativeTarget section */
		A09595B32B0A7C5500FAE419 /* AudioProject */ = {
			isa = PBXNativeTarget;
			buildConfigurationList = A09595C82B0A7C5600FAE419 /* Build configuration list for PBXNativeTarget "AudioProject" */;
			buildPhases = (
				A09595B02B0A7C5500FAE419 /* Sources */,
				A09595B12B0A7C5500FAE419 /* Frameworks */,
				A09595B22B0A7C5500FAE419 /* Resources */,
			);
			buildRules = (
			);
			dependencies = (
			);
			name = AudioProject;
			packageProductDependencies = (
				A0328F162B0BB14A00A491A2 /* FirebaseAnalytics */,
				A0328F182B0BB14A00A491A2 /* FirebaseAnalyticsOnDeviceConversion */,
				A0328F1A2B0BB14A00A491A2 /* FirebaseAnalyticsSwift */,
				A0328F1C2B0BB14A00A491A2 /* FirebaseAnalyticsWithoutAdIdSupport */,
				A0328F1E2B0BB14A00A491A2 /* FirebaseAppCheck */,
				A0328F202B0BB14A00A491A2 /* FirebaseAppDistribution-Beta */,
				A0328F222B0BB14A00A491A2 /* FirebaseAuth */,
				A0328F242B0BB14A00A491A2 /* FirebaseAuthCombine-Community */,
				A0328F262B0BB14A00A491A2 /* FirebaseCrashlytics */,
				A0328F282B0BB14A00A491A2 /* FirebaseDatabase */,
				A0328F2A2B0BB14A00A491A2 /* FirebaseDatabaseSwift */,
				A0328F2C2B0BB14A00A491A2 /* FirebaseDynamicLinks */,
				A0328F2E2B0BB14A00A491A2 /* FirebaseFirestore */,
				A0328F302B0BB14A00A491A2 /* FirebaseFirestoreCombine-Community */,
				A0328F322B0BB14A00A491A2 /* FirebaseFirestoreSwift */,
				A0328F342B0BB14A00A491A2 /* FirebaseFunctions */,
				A0328F362B0BB14A00A491A2 /* FirebaseFunctionsCombine-Community */,
				A0328F382B0BB14A00A491A2 /* FirebaseInAppMessaging-Beta */,
				A0328F3A2B0BB14A00A491A2 /* FirebaseInAppMessagingSwift-Beta */,
				A0328F3C2B0BB14A00A491A2 /* FirebaseInstallations */,
				A0328F3E2B0BB14A00A491A2 /* FirebaseMLModelDownloader */,
				A0328F402B0BB14A00A491A2 /* FirebaseMessaging */,
				A0328F422B0BB14A00A491A2 /* FirebasePerformance */,
				A0328F442B0BB14A00A491A2 /* FirebaseRemoteConfig */,
				A0328F462B0BB14A00A491A2 /* FirebaseRemoteConfigSwift */,
				A0328F482B0BB14A00A491A2 /* FirebaseStorage */,
				A0328F4A2B0BB14A00A491A2 /* FirebaseStorageCombine-Community */,
			);
			productName = AudioProject;
			productReference = A09595B42B0A7C5500FAE419 /* AudioProject.app */;
			productType = "com.apple.product-type.application";
		};
/* End PBXNativeTarget section */

/* Begin PBXProject section */
		A09595AC2B0A7C5500FAE419 /* Project object */ = {
			isa = PBXProject;
			attributes = {
				BuildIndependentTargetsInParallel = 1;
				LastSwiftUpdateCheck = 1500;
				LastUpgradeCheck = 1500;
				TargetAttributes = {
					A09595B32B0A7C5500FAE419 = {
						CreatedOnToolsVersion = 15.0.1;
					};
				};
			};
			buildConfigurationList = A09595AF2B0A7C5500FAE419 /* Build configuration list for PBXProject "AudioProject" */;
			compatibilityVersion = "Xcode 14.0";
			developmentRegion = en;
			hasScannedForEncodings = 0;
			knownRegions = (
				en,
				Base,
			);
			mainGroup = A09595AB2B0A7C5500FAE419;
			packageReferences = (
				A0328F152B0BB14A00A491A2 /* XCRemoteSwiftPackageReference "firebase-ios-sdk" */,
			);
			productRefGroup = A09595B52B0A7C5500FAE419 /* Products */;
			projectDirPath = "";
			projectRoot = "";
			targets = (
				A09595B32B0A7C5500FAE419 /* AudioProject */,
			);
		};
/* End PBXProject section */

/* Begin PBXResourcesBuildPhase section */
		A09595B22B0A7C5500FAE419 /* Resources */ = {
			isa = PBXResourcesBuildPhase;
			buildActionMask = 2147483647;
			files = (
				A09595C42B0A7C5600FAE419 /* LaunchScreen.storyboard in Resources */,
				A09595D42B0A7DBA00FAE419 /* GoogleService-Info.plist in Resources */,
				A0AA2FDA2B30AE26007CF1C9 /* AudioCell.xib in Resources */,
				A09595C12B0A7C5600FAE419 /* Assets.xcassets in Resources */,
				A09595BF2B0A7C5500FAE419 /* Main.storyboard in Resources */,
			);
			runOnlyForDeploymentPostprocessing = 0;
		};
/* End PBXResourcesBuildPhase section */

/* Begin PBXSourcesBuildPhase section */
		A09595B02B0A7C5500FAE419 /* Sources */ = {
			isa = PBXSourcesBuildPhase;
			buildActionMask = 2147483647;
			files = (
				A01B2F2A2B0C63C9007CCD33 /* FirebaseHandler.swift in Sources */,
				A0EE12A42B0E7F970002CF2E /* AudioPlayer.swift in Sources */,
				A09595BC2B0A7C5500FAE419 /* ViewController.swift in Sources */,
				A0DFD29B2B3476910071F044 /* UIViewExtensions.swift in Sources */,
				A0AA2FCF2B30A5FA007CF1C9 /* AudioScreenExtensions.swift in Sources */,
				A0EE12A22B0E5E6D0002CF2E /* TableViewCellExtensions.swift in Sources */,
				A0BA138A2B2F2D2C0008ACE4 /* AudioScreen.swift in Sources */,
				A05D5EDA2B11223E0035CD7C /* Constants.swift in Sources */,
				A09595B82B0A7C5500FAE419 /* AppDelegate.swift in Sources */,
				A0AA2FD92B30AE26007CF1C9 /* AudioCell.swift in Sources */,
				A09595D12B0A7D2E00FAE419 /* ExtensionsOfAudioListVC.swift in Sources */,
				A09595BA2B0A7C5500FAE419 /* SceneDelegate.swift in Sources */,
				A009C9612B0D36660053D5F0 /* AudioListViewModel.swift in Sources */,
			);
			runOnlyForDeploymentPostprocessing = 0;
		};
/* End PBXSourcesBuildPhase section */

/* Begin PBXVariantGroup section */
		A09595BD2B0A7C5500FAE419 /* Main.storyboard */ = {
			isa = PBXVariantGroup;
			children = (
				A09595BE2B0A7C5500FAE419 /* Base */,
			);
			name = Main.storyboard;
			sourceTree = "<group>";
		};
		A09595C22B0A7C5600FAE419 /* LaunchScreen.storyboard */ = {
			isa = PBXVariantGroup;
			children = (
				A09595C32B0A7C5600FAE419 /* Base */,
			);
			name = LaunchScreen.storyboard;
			sourceTree = "<group>";
		};
/* End PBXVariantGroup section */

/* Begin XCBuildConfiguration section */
		A09595C62B0A7C5600FAE419 /* Debug */ = {
			isa = XCBuildConfiguration;
			buildSettings = {
				ALWAYS_SEARCH_USER_PATHS = NO;
				ASSETCATALOG_COMPILER_GENERATE_SWIFT_ASSET_SYMBOL_EXTENSIONS = YES;
				CLANG_ANALYZER_NONNULL = YES;
				CLANG_ANALYZER_NUMBER_OBJECT_CONVERSION = YES_AGGRESSIVE;
				CLANG_CXX_LANGUAGE_STANDARD = "gnu++20";
				CLANG_ENABLE_MODULES = YES;
				CLANG_ENABLE_OBJC_ARC = YES;
				CLANG_ENABLE_OBJC_WEAK = YES;
				CLANG_WARN_BLOCK_CAPTURE_AUTORELEASING = YES;
				CLANG_WARN_BOOL_CONVERSION = YES;
				CLANG_WARN_COMMA = YES;
				CLANG_WARN_CONSTANT_CONVERSION = YES;
				CLANG_WARN_DEPRECATED_OBJC_IMPLEMENTATIONS = YES;
				CLANG_WARN_DIRECT_OBJC_ISA_USAGE = YES_ERROR;
				CLANG_WARN_DOCUMENTATION_COMMENTS = YES;
				CLANG_WARN_EMPTY_BODY = YES;
				CLANG_WARN_ENUM_CONVERSION = YES;
				CLANG_WARN_INFINITE_RECURSION = YES;
				CLANG_WARN_INT_CONVERSION = YES;
				CLANG_WARN_NON_LITERAL_NULL_CONVERSION = YES;
				CLANG_WARN_OBJC_IMPLICIT_RETAIN_SELF = YES;
				CLANG_WARN_OBJC_LITERAL_CONVERSION = YES;
				CLANG_WARN_OBJC_ROOT_CLASS = YES_ERROR;
				CLANG_WARN_QUOTED_INCLUDE_IN_FRAMEWORK_HEADER = YES;
				CLANG_WARN_RANGE_LOOP_ANALYSIS = YES;
				CLANG_WARN_STRICT_PROTOTYPES = YES;
				CLANG_WARN_SUSPICIOUS_MOVE = YES;
				CLANG_WARN_UNGUARDED_AVAILABILITY = YES_AGGRESSIVE;
				CLANG_WARN_UNREACHABLE_CODE = YES;
				CLANG_WARN__DUPLICATE_METHOD_MATCH = YES;
				COPY_PHASE_STRIP = NO;
				DEBUG_INFORMATION_FORMAT = dwarf;
				ENABLE_STRICT_OBJC_MSGSEND = YES;
				ENABLE_TESTABILITY = YES;
				ENABLE_USER_SCRIPT_SANDBOXING = YES;
				GCC_C_LANGUAGE_STANDARD = gnu17;
				GCC_DYNAMIC_NO_PIC = NO;
				GCC_NO_COMMON_BLOCKS = YES;
				GCC_OPTIMIZATION_LEVEL = 0;
				GCC_PREPROCESSOR_DEFINITIONS = (
					"DEBUG=1",
					"$(inherited)",
				);
				GCC_WARN_64_TO_32_BIT_CONVERSION = YES;
				GCC_WARN_ABOUT_RETURN_TYPE = YES_ERROR;
				GCC_WARN_UNDECLARED_SELECTOR = YES;
				GCC_WARN_UNINITIALIZED_AUTOS = YES_AGGRESSIVE;
				GCC_WARN_UNUSED_FUNCTION = YES;
				GCC_WARN_UNUSED_VARIABLE = YES;
				IPHONEOS_DEPLOYMENT_TARGET = 17.0;
				LOCALIZATION_PREFERS_STRING_CATALOGS = YES;
				MTL_ENABLE_DEBUG_INFO = INCLUDE_SOURCE;
				MTL_FAST_MATH = YES;
				ONLY_ACTIVE_ARCH = YES;
				SDKROOT = iphoneos;
				SWIFT_ACTIVE_COMPILATION_CONDITIONS = "DEBUG $(inherited)";
				SWIFT_OPTIMIZATION_LEVEL = "-Onone";
			};
			name = Debug;
		};
		A09595C72B0A7C5600FAE419 /* Release */ = {
			isa = XCBuildConfiguration;
			buildSettings = {
				ALWAYS_SEARCH_USER_PATHS = NO;
				ASSETCATALOG_COMPILER_GENERATE_SWIFT_ASSET_SYMBOL_EXTENSIONS = YES;
				CLANG_ANALYZER_NONNULL = YES;
				CLANG_ANALYZER_NUMBER_OBJECT_CONVERSION = YES_AGGRESSIVE;
				CLANG_CXX_LANGUAGE_STANDARD = "gnu++20";
				CLANG_ENABLE_MODULES = YES;
				CLANG_ENABLE_OBJC_ARC = YES;
				CLANG_ENABLE_OBJC_WEAK = YES;
				CLANG_WARN_BLOCK_CAPTURE_AUTORELEASING = YES;
				CLANG_WARN_BOOL_CONVERSION = YES;
				CLANG_WARN_COMMA = YES;
				CLANG_WARN_CONSTANT_CONVERSION = YES;
				CLANG_WARN_DEPRECATED_OBJC_IMPLEMENTATIONS = YES;
				CLANG_WARN_DIRECT_OBJC_ISA_USAGE = YES_ERROR;
				CLANG_WARN_DOCUMENTATION_COMMENTS = YES;
				CLANG_WARN_EMPTY_BODY = YES;
				CLANG_WARN_ENUM_CONVERSION = YES;
				CLANG_WARN_INFINITE_RECURSION = YES;
				CLANG_WARN_INT_CONVERSION = YES;
				CLANG_WARN_NON_LITERAL_NULL_CONVERSION = YES;
				CLANG_WARN_OBJC_IMPLICIT_RETAIN_SELF = YES;
				CLANG_WARN_OBJC_LITERAL_CONVERSION = YES;
				CLANG_WARN_OBJC_ROOT_CLASS = YES_ERROR;
				CLANG_WARN_QUOTED_INCLUDE_IN_FRAMEWORK_HEADER = YES;
				CLANG_WARN_RANGE_LOOP_ANALYSIS = YES;
				CLANG_WARN_STRICT_PROTOTYPES = YES;
				CLANG_WARN_SUSPICIOUS_MOVE = YES;
				CLANG_WARN_UNGUARDED_AVAILABILITY = YES_AGGRESSIVE;
				CLANG_WARN_UNREACHABLE_CODE = YES;
				CLANG_WARN__DUPLICATE_METHOD_MATCH = YES;
				COPY_PHASE_STRIP = NO;
				DEBUG_INFORMATION_FORMAT = "dwarf-with-dsym";
				ENABLE_NS_ASSERTIONS = NO;
				ENABLE_STRICT_OBJC_MSGSEND = YES;
				ENABLE_USER_SCRIPT_SANDBOXING = YES;
				GCC_C_LANGUAGE_STANDARD = gnu17;
				GCC_NO_COMMON_BLOCKS = YES;
				GCC_WARN_64_TO_32_BIT_CONVERSION = YES;
				GCC_WARN_ABOUT_RETURN_TYPE = YES_ERROR;
				GCC_WARN_UNDECLARED_SELECTOR = YES;
				GCC_WARN_UNINITIALIZED_AUTOS = YES_AGGRESSIVE;
				GCC_WARN_UNUSED_FUNCTION = YES;
				GCC_WARN_UNUSED_VARIABLE = YES;
				IPHONEOS_DEPLOYMENT_TARGET = 17.0;
				LOCALIZATION_PREFERS_STRING_CATALOGS = YES;
				MTL_ENABLE_DEBUG_INFO = NO;
				MTL_FAST_MATH = YES;
				SDKROOT = iphoneos;
				SWIFT_COMPILATION_MODE = wholemodule;
				VALIDATE_PRODUCT = YES;
			};
			name = Release;
		};
		A09595C92B0A7C5600FAE419 /* Debug */ = {
			isa = XCBuildConfiguration;
			buildSettings = {
				ASSETCATALOG_COMPILER_APPICON_NAME = AppIcon;
				ASSETCATALOG_COMPILER_GLOBAL_ACCENT_COLOR_NAME = AccentColor;
				CODE_SIGN_STYLE = Automatic;
				CURRENT_PROJECT_VERSION = 1;
				DEVELOPMENT_TEAM = M6Q74PY9M3;
				GENERATE_INFOPLIST_FILE = YES;
				INFOPLIST_FILE = AudioProject/Info.plist;
				INFOPLIST_KEY_LSApplicationCategoryType = "";
				INFOPLIST_KEY_UIApplicationSupportsIndirectInputEvents = YES;
				INFOPLIST_KEY_UILaunchStoryboardName = LaunchScreen;
				INFOPLIST_KEY_UIMainStoryboardFile = Main;
				INFOPLIST_KEY_UISupportedInterfaceOrientations_iPad = "UIInterfaceOrientationPortrait UIInterfaceOrientationPortraitUpsideDown UIInterfaceOrientationLandscapeLeft UIInterfaceOrientationLandscapeRight";
				INFOPLIST_KEY_UISupportedInterfaceOrientations_iPhone = "UIInterfaceOrientationPortrait UIInterfaceOrientationLandscapeLeft UIInterfaceOrientationLandscapeRight";
				LD_RUNPATH_SEARCH_PATHS = (
					"$(inherited)",
					"@executable_path/Frameworks",
				);
				MARKETING_VERSION = 1.0;
				PRODUCT_BUNDLE_IDENTIFIER = com.AudioProject;
				PRODUCT_NAME = "$(TARGET_NAME)";
				SWIFT_EMIT_LOC_STRINGS = YES;
				SWIFT_VERSION = 5.0;
				TARGETED_DEVICE_FAMILY = "1,2";
			};
			name = Debug;
		};
		A09595CA2B0A7C5600FAE419 /* Release */ = {
			isa = XCBuildConfiguration;
			buildSettings = {
				ASSETCATALOG_COMPILER_APPICON_NAME = AppIcon;
				ASSETCATALOG_COMPILER_GLOBAL_ACCENT_COLOR_NAME = AccentColor;
				CODE_SIGN_STYLE = Automatic;
				CURRENT_PROJECT_VERSION = 1;
				DEVELOPMENT_TEAM = M6Q74PY9M3;
				GENERATE_INFOPLIST_FILE = YES;
				INFOPLIST_FILE = AudioProject/Info.plist;
				INFOPLIST_KEY_LSApplicationCategoryType = "";
				INFOPLIST_KEY_UIApplicationSupportsIndirectInputEvents = YES;
				INFOPLIST_KEY_UILaunchStoryboardName = LaunchScreen;
				INFOPLIST_KEY_UIMainStoryboardFile = Main;
				INFOPLIST_KEY_UISupportedInterfaceOrientations_iPad = "UIInterfaceOrientationPortrait UIInterfaceOrientationPortraitUpsideDown UIInterfaceOrientationLandscapeLeft UIInterfaceOrientationLandscapeRight";
				INFOPLIST_KEY_UISupportedInterfaceOrientations_iPhone = "UIInterfaceOrientationPortrait UIInterfaceOrientationLandscapeLeft UIInterfaceOrientationLandscapeRight";
				LD_RUNPATH_SEARCH_PATHS = (
					"$(inherited)",
					"@executable_path/Frameworks",
				);
				MARKETING_VERSION = 1.0;
				PRODUCT_BUNDLE_IDENTIFIER = com.AudioProject;
				PRODUCT_NAME = "$(TARGET_NAME)";
				SWIFT_EMIT_LOC_STRINGS = YES;
				SWIFT_VERSION = 5.0;
				TARGETED_DEVICE_FAMILY = "1,2";
			};
			name = Release;
		};
/* End XCBuildConfiguration section */

/* Begin XCConfigurationList section */
		A09595AF2B0A7C5500FAE419 /* Build configuration list for PBXProject "AudioProject" */ = {
			isa = XCConfigurationList;
			buildConfigurations = (
				A09595C62B0A7C5600FAE419 /* Debug */,
				A09595C72B0A7C5600FAE419 /* Release */,
			);
			defaultConfigurationIsVisible = 0;
			defaultConfigurationName = Release;
		};
		A09595C82B0A7C5600FAE419 /* Build configuration list for PBXNativeTarget "AudioProject" */ = {
			isa = XCConfigurationList;
			buildConfigurations = (
				A09595C92B0A7C5600FAE419 /* Debug */,
				A09595CA2B0A7C5600FAE419 /* Release */,
			);
			defaultConfigurationIsVisible = 0;
			defaultConfigurationName = Release;
		};
/* End XCConfigurationList section */

/* Begin XCRemoteSwiftPackageReference section */
		A0328F152B0BB14A00A491A2 /* XCRemoteSwiftPackageReference "firebase-ios-sdk" */ = {
			isa = XCRemoteSwiftPackageReference;
			repositoryURL = "https://github.com/firebase/firebase-ios-sdk";
			requirement = {
				kind = upToNextMajorVersion;
				minimumVersion = 10.18.0;
			};
		};
/* End XCRemoteSwiftPackageReference section */

/* Begin XCSwiftPackageProductDependency section */
		A0328F162B0BB14A00A491A2 /* FirebaseAnalytics */ = {
			isa = XCSwiftPackageProductDependency;
			package = A0328F152B0BB14A00A491A2 /* XCRemoteSwiftPackageReference "firebase-ios-sdk" */;
			productName = FirebaseAnalytics;
		};
		A0328F182B0BB14A00A491A2 /* FirebaseAnalyticsOnDeviceConversion */ = {
			isa = XCSwiftPackageProductDependency;
			package = A0328F152B0BB14A00A491A2 /* XCRemoteSwiftPackageReference "firebase-ios-sdk" */;
			productName = FirebaseAnalyticsOnDeviceConversion;
		};
		A0328F1A2B0BB14A00A491A2 /* FirebaseAnalyticsSwift */ = {
			isa = XCSwiftPackageProductDependency;
			package = A0328F152B0BB14A00A491A2 /* XCRemoteSwiftPackageReference "firebase-ios-sdk" */;
			productName = FirebaseAnalyticsSwift;
		};
		A0328F1C2B0BB14A00A491A2 /* FirebaseAnalyticsWithoutAdIdSupport */ = {
			isa = XCSwiftPackageProductDependency;
			package = A0328F152B0BB14A00A491A2 /* XCRemoteSwiftPackageReference "firebase-ios-sdk" */;
			productName = FirebaseAnalyticsWithoutAdIdSupport;
		};
		A0328F1E2B0BB14A00A491A2 /* FirebaseAppCheck */ = {
			isa = XCSwiftPackageProductDependency;
			package = A0328F152B0BB14A00A491A2 /* XCRemoteSwiftPackageReference "firebase-ios-sdk" */;
			productName = FirebaseAppCheck;
		};
		A0328F202B0BB14A00A491A2 /* FirebaseAppDistribution-Beta */ = {
			isa = XCSwiftPackageProductDependency;
			package = A0328F152B0BB14A00A491A2 /* XCRemoteSwiftPackageReference "firebase-ios-sdk" */;
			productName = "FirebaseAppDistribution-Beta";
		};
		A0328F222B0BB14A00A491A2 /* FirebaseAuth */ = {
			isa = XCSwiftPackageProductDependency;
			package = A0328F152B0BB14A00A491A2 /* XCRemoteSwiftPackageReference "firebase-ios-sdk" */;
			productName = FirebaseAuth;
		};
		A0328F242B0BB14A00A491A2 /* FirebaseAuthCombine-Community */ = {
			isa = XCSwiftPackageProductDependency;
			package = A0328F152B0BB14A00A491A2 /* XCRemoteSwiftPackageReference "firebase-ios-sdk" */;
			productName = "FirebaseAuthCombine-Community";
		};
		A0328F262B0BB14A00A491A2 /* FirebaseCrashlytics */ = {
			isa = XCSwiftPackageProductDependency;
			package = A0328F152B0BB14A00A491A2 /* XCRemoteSwiftPackageReference "firebase-ios-sdk" */;
			productName = FirebaseCrashlytics;
		};
		A0328F282B0BB14A00A491A2 /* FirebaseDatabase */ = {
			isa = XCSwiftPackageProductDependency;
			package = A0328F152B0BB14A00A491A2 /* XCRemoteSwiftPackageReference "firebase-ios-sdk" */;
			productName = FirebaseDatabase;
		};
		A0328F2A2B0BB14A00A491A2 /* FirebaseDatabaseSwift */ = {
			isa = XCSwiftPackageProductDependency;
			package = A0328F152B0BB14A00A491A2 /* XCRemoteSwiftPackageReference "firebase-ios-sdk" */;
			productName = FirebaseDatabaseSwift;
		};
		A0328F2C2B0BB14A00A491A2 /* FirebaseDynamicLinks */ = {
			isa = XCSwiftPackageProductDependency;
			package = A0328F152B0BB14A00A491A2 /* XCRemoteSwiftPackageReference "firebase-ios-sdk" */;
			productName = FirebaseDynamicLinks;
		};
		A0328F2E2B0BB14A00A491A2 /* FirebaseFirestore */ = {
			isa = XCSwiftPackageProductDependency;
			package = A0328F152B0BB14A00A491A2 /* XCRemoteSwiftPackageReference "firebase-ios-sdk" */;
			productName = FirebaseFirestore;
		};
		A0328F302B0BB14A00A491A2 /* FirebaseFirestoreCombine-Community */ = {
			isa = XCSwiftPackageProductDependency;
			package = A0328F152B0BB14A00A491A2 /* XCRemoteSwiftPackageReference "firebase-ios-sdk" */;
			productName = "FirebaseFirestoreCombine-Community";
		};
		A0328F322B0BB14A00A491A2 /* FirebaseFirestoreSwift */ = {
			isa = XCSwiftPackageProductDependency;
			package = A0328F152B0BB14A00A491A2 /* XCRemoteSwiftPackageReference "firebase-ios-sdk" */;
			productName = FirebaseFirestoreSwift;
		};
		A0328F342B0BB14A00A491A2 /* FirebaseFunctions */ = {
			isa = XCSwiftPackageProductDependency;
			package = A0328F152B0BB14A00A491A2 /* XCRemoteSwiftPackageReference "firebase-ios-sdk" */;
			productName = FirebaseFunctions;
		};
		A0328F362B0BB14A00A491A2 /* FirebaseFunctionsCombine-Community */ = {
			isa = XCSwiftPackageProductDependency;
			package = A0328F152B0BB14A00A491A2 /* XCRemoteSwiftPackageReference "firebase-ios-sdk" */;
			productName = "FirebaseFunctionsCombine-Community";
		};
		A0328F382B0BB14A00A491A2 /* FirebaseInAppMessaging-Beta */ = {
			isa = XCSwiftPackageProductDependency;
			package = A0328F152B0BB14A00A491A2 /* XCRemoteSwiftPackageReference "firebase-ios-sdk" */;
			productName = "FirebaseInAppMessaging-Beta";
		};
		A0328F3A2B0BB14A00A491A2 /* FirebaseInAppMessagingSwift-Beta */ = {
			isa = XCSwiftPackageProductDependency;
			package = A0328F152B0BB14A00A491A2 /* XCRemoteSwiftPackageReference "firebase-ios-sdk" */;
			productName = "FirebaseInAppMessagingSwift-Beta";
		};
		A0328F3C2B0BB14A00A491A2 /* FirebaseInstallations */ = {
			isa = XCSwiftPackageProductDependency;
			package = A0328F152B0BB14A00A491A2 /* XCRemoteSwiftPackageReference "firebase-ios-sdk" */;
			productName = FirebaseInstallations;
		};
		A0328F3E2B0BB14A00A491A2 /* FirebaseMLModelDownloader */ = {
			isa = XCSwiftPackageProductDependency;
			package = A0328F152B0BB14A00A491A2 /* XCRemoteSwiftPackageReference "firebase-ios-sdk" */;
			productName = FirebaseMLModelDownloader;
		};
		A0328F402B0BB14A00A491A2 /* FirebaseMessaging */ = {
			isa = XCSwiftPackageProductDependency;
			package = A0328F152B0BB14A00A491A2 /* XCRemoteSwiftPackageReference "firebase-ios-sdk" */;
			productName = FirebaseMessaging;
		};
		A0328F422B0BB14A00A491A2 /* FirebasePerformance */ = {
			isa = XCSwiftPackageProductDependency;
			package = A0328F152B0BB14A00A491A2 /* XCRemoteSwiftPackageReference "firebase-ios-sdk" */;
			productName = FirebasePerformance;
		};
		A0328F442B0BB14A00A491A2 /* FirebaseRemoteConfig */ = {
			isa = XCSwiftPackageProductDependency;
			package = A0328F152B0BB14A00A491A2 /* XCRemoteSwiftPackageReference "firebase-ios-sdk" */;
			productName = FirebaseRemoteConfig;
		};
		A0328F462B0BB14A00A491A2 /* FirebaseRemoteConfigSwift */ = {
			isa = XCSwiftPackageProductDependency;
			package = A0328F152B0BB14A00A491A2 /* XCRemoteSwiftPackageReference "firebase-ios-sdk" */;
			productName = FirebaseRemoteConfigSwift;
		};
		A0328F482B0BB14A00A491A2 /* FirebaseStorage */ = {
			isa = XCSwiftPackageProductDependency;
			package = A0328F152B0BB14A00A491A2 /* XCRemoteSwiftPackageReference "firebase-ios-sdk" */;
			productName = FirebaseStorage;
		};
		A0328F4A2B0BB14A00A491A2 /* FirebaseStorageCombine-Community */ = {
			isa = XCSwiftPackageProductDependency;
			package = A0328F152B0BB14A00A491A2 /* XCRemoteSwiftPackageReference "firebase-ios-sdk" */;
			productName = "FirebaseStorageCombine-Community";
		};
/* End XCSwiftPackageProductDependency section */
	};
	rootObject = A09595AC2B0A7C5500FAE419 /* Project object */;
}
